// !$*UTF8*$!
{
	archiveVersion = 1;
	classes = {
	};
	objectVersion = 48;
	objects = {

/* Begin PBXBuildFile section */
		82DEE27ED55F1252431E0EA0 /* Pods_WesterliesUITests.framework in Frameworks */ = {isa = PBXBuildFile; fileRef = F9008022585B8CD82430671F /* Pods_WesterliesUITests.framework */; };
		A36BABE51F9A49C200265779 /* AppDelegate.swift in Sources */ = {isa = PBXBuildFile; fileRef = A36BABE41F9A49C200265779 /* AppDelegate.swift */; };
		A36BABE71F9A49C200265779 /* ViewController.swift in Sources */ = {isa = PBXBuildFile; fileRef = A36BABE61F9A49C200265779 /* ViewController.swift */; };
		A36BABEA1F9A49C200265779 /* Main.storyboard in Resources */ = {isa = PBXBuildFile; fileRef = A36BABE81F9A49C200265779 /* Main.storyboard */; };
		A36BABEC1F9A49C200265779 /* Assets.xcassets in Resources */ = {isa = PBXBuildFile; fileRef = A36BABEB1F9A49C200265779 /* Assets.xcassets */; };
		A36BABEF1F9A49C200265779 /* LaunchScreen.storyboard in Resources */ = {isa = PBXBuildFile; fileRef = A36BABED1F9A49C200265779 /* LaunchScreen.storyboard */; };
		A36BABFA1F9A49C200265779 /* WesterliesTests.swift in Sources */ = {isa = PBXBuildFile; fileRef = A36BABF91F9A49C200265779 /* WesterliesTests.swift */; };
		A36BAC051F9A49C200265779 /* WesterliesUITests.swift in Sources */ = {isa = PBXBuildFile; fileRef = A36BAC041F9A49C200265779 /* WesterliesUITests.swift */; };
		A36BAC131F9A4ABA00265779 /* GoogleService-Info.plist in Resources */ = {isa = PBXBuildFile; fileRef = A36BAC121F9A4ABA00265779 /* GoogleService-Info.plist */; };
		A36BAC151F9A4B5600265779 /* Singleton.swift in Sources */ = {isa = PBXBuildFile; fileRef = A36BAC141F9A4B5600265779 /* Singleton.swift */; };
		A36BAC171F9A4B7800265779 /* BatchLabelVC.swift in Sources */ = {isa = PBXBuildFile; fileRef = A36BAC161F9A4B7800265779 /* BatchLabelVC.swift */; };
		A36BAC191F9A4B9600265779 /* CasesNeededVC.swift in Sources */ = {isa = PBXBuildFile; fileRef = A36BAC181F9A4B9600265779 /* CasesNeededVC.swift */; };
		A36BAC1B1F9A4BBD00265779 /* VolumesVC.swift in Sources */ = {isa = PBXBuildFile; fileRef = A36BAC1A1F9A4BBD00265779 /* VolumesVC.swift */; };
		A36BAC1D1F9A4BE200265779 /* BatchListVC.swift in Sources */ = {isa = PBXBuildFile; fileRef = A36BAC1C1F9A4BE200265779 /* BatchListVC.swift */; };
		A36BAC1F1F9A4BFD00265779 /* Batch.swift in Sources */ = {isa = PBXBuildFile; fileRef = A36BAC1E1F9A4BFD00265779 /* Batch.swift */; };
		DC8D192D6CB600A5DBB92DEB /* Pods_WesterliesTests.framework in Frameworks */ = {isa = PBXBuildFile; fileRef = 820479217460DEFE7EA4543D /* Pods_WesterliesTests.framework */; };
		EA782B2FF0498F57C44F6532 /* Pods_Westerlies.framework in Frameworks */ = {isa = PBXBuildFile; fileRef = 7C201AC2B1DCA7D728748028 /* Pods_Westerlies.framework */; };
/* End PBXBuildFile section */

/* Begin PBXContainerItemProxy section */
		A36BABF61F9A49C200265779 /* PBXContainerItemProxy */ = {
			isa = PBXContainerItemProxy;
			containerPortal = A36BABD91F9A49C200265779 /* Project object */;
			proxyType = 1;
			remoteGlobalIDString = A36BABE01F9A49C200265779;
			remoteInfo = Westerlies;
		};
		A36BAC011F9A49C200265779 /* PBXContainerItemProxy */ = {
			isa = PBXContainerItemProxy;
			containerPortal = A36BABD91F9A49C200265779 /* Project object */;
			proxyType = 1;
			remoteGlobalIDString = A36BABE01F9A49C200265779;
			remoteInfo = Westerlies;
		};
/* End PBXContainerItemProxy section */

/* Begin PBXFileReference section */
		294DE7EC697FE6BD07C1C7A8 /* Pods-WesterliesUITests.release.xcconfig */ = {isa = PBXFileReference; includeInIndex = 1; lastKnownFileType = text.xcconfig; name = "Pods-WesterliesUITests.release.xcconfig"; path = "Pods/Target Support Files/Pods-WesterliesUITests/Pods-WesterliesUITests.release.xcconfig"; sourceTree = "<group>"; };
		4ADB596B0FD7290819C25277 /* Pods-WesterliesUITests.debug.xcconfig */ = {isa = PBXFileReference; includeInIndex = 1; lastKnownFileType = text.xcconfig; name = "Pods-WesterliesUITests.debug.xcconfig"; path = "Pods/Target Support Files/Pods-WesterliesUITests/Pods-WesterliesUITests.debug.xcconfig"; sourceTree = "<group>"; };
		502CC49BFDFDE3C2CDF4EC05 /* Pods-WesterliesTests.debug.xcconfig */ = {isa = PBXFileReference; includeInIndex = 1; lastKnownFileType = text.xcconfig; name = "Pods-WesterliesTests.debug.xcconfig"; path = "Pods/Target Support Files/Pods-WesterliesTests/Pods-WesterliesTests.debug.xcconfig"; sourceTree = "<group>"; };
		69DA6CC5EB3B4E2C87AD737A /* Pods-Westerlies.debug.xcconfig */ = {isa = PBXFileReference; includeInIndex = 1; lastKnownFileType = text.xcconfig; name = "Pods-Westerlies.debug.xcconfig"; path = "Pods/Target Support Files/Pods-Westerlies/Pods-Westerlies.debug.xcconfig"; sourceTree = "<group>"; };
		7C201AC2B1DCA7D728748028 /* Pods_Westerlies.framework */ = {isa = PBXFileReference; explicitFileType = wrapper.framework; includeInIndex = 0; path = Pods_Westerlies.framework; sourceTree = BUILT_PRODUCTS_DIR; };
		820479217460DEFE7EA4543D /* Pods_WesterliesTests.framework */ = {isa = PBXFileReference; explicitFileType = wrapper.framework; includeInIndex = 0; path = Pods_WesterliesTests.framework; sourceTree = BUILT_PRODUCTS_DIR; };
		95BB86E2D4664B7A1BB76134 /* Pods-WesterliesTests.release.xcconfig */ = {isa = PBXFileReference; includeInIndex = 1; lastKnownFileType = text.xcconfig; name = "Pods-WesterliesTests.release.xcconfig"; path = "Pods/Target Support Files/Pods-WesterliesTests/Pods-WesterliesTests.release.xcconfig"; sourceTree = "<group>"; };
		A36BABE11F9A49C200265779 /* Westerlies.app */ = {isa = PBXFileReference; explicitFileType = wrapper.application; includeInIndex = 0; path = Westerlies.app; sourceTree = BUILT_PRODUCTS_DIR; };
		A36BABE41F9A49C200265779 /* AppDelegate.swift */ = {isa = PBXFileReference; lastKnownFileType = sourcecode.swift; path = AppDelegate.swift; sourceTree = "<group>"; };
		A36BABE61F9A49C200265779 /* ViewController.swift */ = {isa = PBXFileReference; lastKnownFileType = sourcecode.swift; path = ViewController.swift; sourceTree = "<group>"; };
		A36BABE91F9A49C200265779 /* Base */ = {isa = PBXFileReference; lastKnownFileType = file.storyboard; name = Base; path = Base.lproj/Main.storyboard; sourceTree = "<group>"; };
		A36BABEB1F9A49C200265779 /* Assets.xcassets */ = {isa = PBXFileReference; lastKnownFileType = folder.assetcatalog; path = Assets.xcassets; sourceTree = "<group>"; };
		A36BABEE1F9A49C200265779 /* Base */ = {isa = PBXFileReference; lastKnownFileType = file.storyboard; name = Base; path = Base.lproj/LaunchScreen.storyboard; sourceTree = "<group>"; };
		A36BABF01F9A49C200265779 /* Info.plist */ = {isa = PBXFileReference; lastKnownFileType = text.plist.xml; path = Info.plist; sourceTree = "<group>"; };
		A36BABF51F9A49C200265779 /* WesterliesTests.xctest */ = {isa = PBXFileReference; explicitFileType = wrapper.cfbundle; includeInIndex = 0; path = WesterliesTests.xctest; sourceTree = BUILT_PRODUCTS_DIR; };
		A36BABF91F9A49C200265779 /* WesterliesTests.swift */ = {isa = PBXFileReference; lastKnownFileType = sourcecode.swift; path = WesterliesTests.swift; sourceTree = "<group>"; };
		A36BABFB1F9A49C200265779 /* Info.plist */ = {isa = PBXFileReference; lastKnownFileType = text.plist.xml; path = Info.plist; sourceTree = "<group>"; };
		A36BAC001F9A49C200265779 /* WesterliesUITests.xctest */ = {isa = PBXFileReference; explicitFileType = wrapper.cfbundle; includeInIndex = 0; path = WesterliesUITests.xctest; sourceTree = BUILT_PRODUCTS_DIR; };
		A36BAC041F9A49C200265779 /* WesterliesUITests.swift */ = {isa = PBXFileReference; lastKnownFileType = sourcecode.swift; path = WesterliesUITests.swift; sourceTree = "<group>"; };
		A36BAC061F9A49C200265779 /* Info.plist */ = {isa = PBXFileReference; lastKnownFileType = text.plist.xml; path = Info.plist; sourceTree = "<group>"; };
		A36BAC121F9A4ABA00265779 /* GoogleService-Info.plist */ = {isa = PBXFileReference; fileEncoding = 4; lastKnownFileType = text.plist.xml; name = "GoogleService-Info.plist"; path = "Westerlies/GoogleService-Info.plist"; sourceTree = "<group>"; };
		A36BAC141F9A4B5600265779 /* Singleton.swift */ = {isa = PBXFileReference; lastKnownFileType = sourcecode.swift; path = Singleton.swift; sourceTree = "<group>"; };
		A36BAC161F9A4B7800265779 /* BatchLabelVC.swift */ = {isa = PBXFileReference; lastKnownFileType = sourcecode.swift; path = BatchLabelVC.swift; sourceTree = "<group>"; };
		A36BAC181F9A4B9600265779 /* CasesNeededVC.swift */ = {isa = PBXFileReference; lastKnownFileType = sourcecode.swift; path = CasesNeededVC.swift; sourceTree = "<group>"; };
		A36BAC1A1F9A4BBD00265779 /* VolumesVC.swift */ = {isa = PBXFileReference; lastKnownFileType = sourcecode.swift; path = VolumesVC.swift; sourceTree = "<group>"; };
		A36BAC1C1F9A4BE200265779 /* BatchListVC.swift */ = {isa = PBXFileReference; lastKnownFileType = sourcecode.swift; path = BatchListVC.swift; sourceTree = "<group>"; };
		A36BAC1E1F9A4BFD00265779 /* Batch.swift */ = {isa = PBXFileReference; lastKnownFileType = sourcecode.swift; path = Batch.swift; sourceTree = "<group>"; };
		A810B714E1BECC2ACFC69E6C /* Pods-Westerlies.release.xcconfig */ = {isa = PBXFileReference; includeInIndex = 1; lastKnownFileType = text.xcconfig; name = "Pods-Westerlies.release.xcconfig"; path = "Pods/Target Support Files/Pods-Westerlies/Pods-Westerlies.release.xcconfig"; sourceTree = "<group>"; };
		F9008022585B8CD82430671F /* Pods_WesterliesUITests.framework */ = {isa = PBXFileReference; explicitFileType = wrapper.framework; includeInIndex = 0; path = Pods_WesterliesUITests.framework; sourceTree = BUILT_PRODUCTS_DIR; };
/* End PBXFileReference section */

/* Begin PBXFrameworksBuildPhase section */
		A36BABDE1F9A49C200265779 /* Frameworks */ = {
			isa = PBXFrameworksBuildPhase;
			buildActionMask = 2147483647;
			files = (
				EA782B2FF0498F57C44F6532 /* Pods_Westerlies.framework in Frameworks */,
			);
			runOnlyForDeploymentPostprocessing = 0;
		};
		A36BABF21F9A49C200265779 /* Frameworks */ = {
			isa = PBXFrameworksBuildPhase;
			buildActionMask = 2147483647;
			files = (
				DC8D192D6CB600A5DBB92DEB /* Pods_WesterliesTests.framework in Frameworks */,
			);
			runOnlyForDeploymentPostprocessing = 0;
		};
		A36BABFD1F9A49C200265779 /* Frameworks */ = {
			isa = PBXFrameworksBuildPhase;
			buildActionMask = 2147483647;
			files = (
				82DEE27ED55F1252431E0EA0 /* Pods_WesterliesUITests.framework in Frameworks */,
			);
			runOnlyForDeploymentPostprocessing = 0;
		};
/* End PBXFrameworksBuildPhase section */

/* Begin PBXGroup section */
		0C476D073EAD942AB3044360 /* Pods */ = {
			isa = PBXGroup;
			children = (
				69DA6CC5EB3B4E2C87AD737A /* Pods-Westerlies.debug.xcconfig */,
				A810B714E1BECC2ACFC69E6C /* Pods-Westerlies.release.xcconfig */,
				502CC49BFDFDE3C2CDF4EC05 /* Pods-WesterliesTests.debug.xcconfig */,
				95BB86E2D4664B7A1BB76134 /* Pods-WesterliesTests.release.xcconfig */,
				4ADB596B0FD7290819C25277 /* Pods-WesterliesUITests.debug.xcconfig */,
				294DE7EC697FE6BD07C1C7A8 /* Pods-WesterliesUITests.release.xcconfig */,
			);
			name = Pods;
			sourceTree = "<group>";
		};
		2E7A68E200885A7DC3C0B32C /* Frameworks */ = {
			isa = PBXGroup;
			children = (
				7C201AC2B1DCA7D728748028 /* Pods_Westerlies.framework */,
				820479217460DEFE7EA4543D /* Pods_WesterliesTests.framework */,
				F9008022585B8CD82430671F /* Pods_WesterliesUITests.framework */,
			);
			name = Frameworks;
			sourceTree = "<group>";
		};
		A36BABD81F9A49C200265779 = {
			isa = PBXGroup;
			children = (
				A36BAC121F9A4ABA00265779 /* GoogleService-Info.plist */,
				A36BABE31F9A49C200265779 /* Westerlies */,
				A36BABF81F9A49C200265779 /* WesterliesTests */,
				A36BAC031F9A49C200265779 /* WesterliesUITests */,
				A36BABE21F9A49C200265779 /* Products */,
				0C476D073EAD942AB3044360 /* Pods */,
				2E7A68E200885A7DC3C0B32C /* Frameworks */,
			);
			sourceTree = "<group>";
		};
		A36BABE21F9A49C200265779 /* Products */ = {
			isa = PBXGroup;
			children = (
				A36BABE11F9A49C200265779 /* Westerlies.app */,
				A36BABF51F9A49C200265779 /* WesterliesTests.xctest */,
				A36BAC001F9A49C200265779 /* WesterliesUITests.xctest */,
			);
			name = Products;
			sourceTree = "<group>";
		};
		A36BABE31F9A49C200265779 /* Westerlies */ = {
			isa = PBXGroup;
			children = (
				A36BABE41F9A49C200265779 /* AppDelegate.swift */,
				A36BABE61F9A49C200265779 /* ViewController.swift */,
				A36BABE81F9A49C200265779 /* Main.storyboard */,
				A36BABEB1F9A49C200265779 /* Assets.xcassets */,
				A36BABED1F9A49C200265779 /* LaunchScreen.storyboard */,
				A36BABF01F9A49C200265779 /* Info.plist */,
				A36BAC141F9A4B5600265779 /* Singleton.swift */,
				A36BAC161F9A4B7800265779 /* BatchLabelVC.swift */,
				A36BAC181F9A4B9600265779 /* CasesNeededVC.swift */,
				A36BAC1A1F9A4BBD00265779 /* VolumesVC.swift */,
				A36BAC1C1F9A4BE200265779 /* BatchListVC.swift */,
				A36BAC1E1F9A4BFD00265779 /* Batch.swift */,
			);
			path = Westerlies;
			sourceTree = "<group>";
		};
		A36BABF81F9A49C200265779 /* WesterliesTests */ = {
			isa = PBXGroup;
			children = (
				A36BABF91F9A49C200265779 /* WesterliesTests.swift */,
				A36BABFB1F9A49C200265779 /* Info.plist */,
			);
			path = WesterliesTests;
			sourceTree = "<group>";
		};
		A36BAC031F9A49C200265779 /* WesterliesUITests */ = {
			isa = PBXGroup;
			children = (
				A36BAC041F9A49C200265779 /* WesterliesUITests.swift */,
				A36BAC061F9A49C200265779 /* Info.plist */,
			);
			path = WesterliesUITests;
			sourceTree = "<group>";
		};
/* End PBXGroup section */

/* Begin PBXNativeTarget section */
		A36BABE01F9A49C200265779 /* Westerlies */ = {
			isa = PBXNativeTarget;
			buildConfigurationList = A36BAC091F9A49C200265779 /* Build configuration list for PBXNativeTarget "Westerlies" */;
			buildPhases = (
				392F81926E78E91CBDB61E15 /* [CP] Check Pods Manifest.lock */,
				A36BABDD1F9A49C200265779 /* Sources */,
				A36BABDE1F9A49C200265779 /* Frameworks */,
				A36BABDF1F9A49C200265779 /* Resources */,
				8CEB38979FC68C10EE390526 /* [CP] Embed Pods Frameworks */,
				38C06ED378C85AC24E3BE3F9 /* [CP] Copy Pods Resources */,
			);
			buildRules = (
			);
			dependencies = (
			);
			name = Westerlies;
			productName = Westerlies;
			productReference = A36BABE11F9A49C200265779 /* Westerlies.app */;
			productType = "com.apple.product-type.application";
		};
		A36BABF41F9A49C200265779 /* WesterliesTests */ = {
			isa = PBXNativeTarget;
			buildConfigurationList = A36BAC0C1F9A49C200265779 /* Build configuration list for PBXNativeTarget "WesterliesTests" */;
			buildPhases = (
				EF063110FD85ED0F72108A57 /* [CP] Check Pods Manifest.lock */,
				A36BABF11F9A49C200265779 /* Sources */,
				A36BABF21F9A49C200265779 /* Frameworks */,
				A36BABF31F9A49C200265779 /* Resources */,
				E1CD8A0DB38C5436A741959A /* [CP] Embed Pods Frameworks */,
				A5DB72E988DFE2224543AD4C /* [CP] Copy Pods Resources */,
			);
			buildRules = (
			);
			dependencies = (
				A36BABF71F9A49C200265779 /* PBXTargetDependency */,
			);
			name = WesterliesTests;
			productName = WesterliesTests;
			productReference = A36BABF51F9A49C200265779 /* WesterliesTests.xctest */;
			productType = "com.apple.product-type.bundle.unit-test";
		};
		A36BABFF1F9A49C200265779 /* WesterliesUITests */ = {
			isa = PBXNativeTarget;
			buildConfigurationList = A36BAC0F1F9A49C200265779 /* Build configuration list for PBXNativeTarget "WesterliesUITests" */;
			buildPhases = (
				CBDE1BB67709975C844BF9F3 /* [CP] Check Pods Manifest.lock */,
				A36BABFC1F9A49C200265779 /* Sources */,
				A36BABFD1F9A49C200265779 /* Frameworks */,
				A36BABFE1F9A49C200265779 /* Resources */,
				6AF4DD82F7DD6F0E4183CE03 /* [CP] Embed Pods Frameworks */,
				4483F705F9BF012855A43E1D /* [CP] Copy Pods Resources */,
			);
			buildRules = (
			);
			dependencies = (
				A36BAC021F9A49C200265779 /* PBXTargetDependency */,
			);
			name = WesterliesUITests;
			productName = WesterliesUITests;
			productReference = A36BAC001F9A49C200265779 /* WesterliesUITests.xctest */;
			productType = "com.apple.product-type.bundle.ui-testing";
		};
/* End PBXNativeTarget section */

/* Begin PBXProject section */
		A36BABD91F9A49C200265779 /* Project object */ = {
			isa = PBXProject;
			attributes = {
				LastSwiftUpdateCheck = 0900;
				LastUpgradeCheck = 0900;
				ORGANIZATIONNAME = "Adam P Dostalik";
				TargetAttributes = {
					A36BABE01F9A49C200265779 = {
						CreatedOnToolsVersion = 9.0;
						ProvisioningStyle = Automatic;
					};
					A36BABF41F9A49C200265779 = {
						CreatedOnToolsVersion = 9.0;
						ProvisioningStyle = Automatic;
						TestTargetID = A36BABE01F9A49C200265779;
					};
					A36BABFF1F9A49C200265779 = {
						CreatedOnToolsVersion = 9.0;
						ProvisioningStyle = Automatic;
						TestTargetID = A36BABE01F9A49C200265779;
					};
				};
			};
			buildConfigurationList = A36BABDC1F9A49C200265779 /* Build configuration list for PBXProject "Westerlies" */;
			compatibilityVersion = "Xcode 8.0";
			developmentRegion = en;
			hasScannedForEncodings = 0;
			knownRegions = (
				en,
				Base,
			);
			mainGroup = A36BABD81F9A49C200265779;
			productRefGroup = A36BABE21F9A49C200265779 /* Products */;
			projectDirPath = "";
			projectRoot = "";
			targets = (
				A36BABE01F9A49C200265779 /* Westerlies */,
				A36BABF41F9A49C200265779 /* WesterliesTests */,
				A36BABFF1F9A49C200265779 /* WesterliesUITests */,
			);
		};
/* End PBXProject section */

/* Begin PBXResourcesBuildPhase section */
		A36BABDF1F9A49C200265779 /* Resources */ = {
			isa = PBXResourcesBuildPhase;
			buildActionMask = 2147483647;
			files = (
				A36BABEF1F9A49C200265779 /* LaunchScreen.storyboard in Resources */,
				A36BAC131F9A4ABA00265779 /* GoogleService-Info.plist in Resources */,
				A36BABEC1F9A49C200265779 /* Assets.xcassets in Resources */,
				A36BABEA1F9A49C200265779 /* Main.storyboard in Resources */,
			);
			runOnlyForDeploymentPostprocessing = 0;
		};
		A36BABF31F9A49C200265779 /* Resources */ = {
			isa = PBXResourcesBuildPhase;
			buildActionMask = 2147483647;
			files = (
			);
			runOnlyForDeploymentPostprocessing = 0;
		};
		A36BABFE1F9A49C200265779 /* Resources */ = {
			isa = PBXResourcesBuildPhase;
			buildActionMask = 2147483647;
			files = (
			);
			runOnlyForDeploymentPostprocessing = 0;
		};
/* End PBXResourcesBuildPhase section */

/* Begin PBXShellScriptBuildPhase section */
		38C06ED378C85AC24E3BE3F9 /* [CP] Copy Pods Resources */ = {
			isa = PBXShellScriptBuildPhase;
			buildActionMask = 2147483647;
			files = (
			);
			inputPaths = (
			);
			name = "[CP] Copy Pods Resources";
			outputPaths = (
			);
			runOnlyForDeploymentPostprocessing = 0;
			shellPath = /bin/sh;
			shellScript = "\"${SRCROOT}/Pods/Target Support Files/Pods-Westerlies/Pods-Westerlies-resources.sh\"\n";
			showEnvVarsInLog = 0;
		};
		392F81926E78E91CBDB61E15 /* [CP] Check Pods Manifest.lock */ = {
			isa = PBXShellScriptBuildPhase;
			buildActionMask = 2147483647;
			files = (
			);
			inputPaths = (
			);
			name = "[CP] Check Pods Manifest.lock";
			outputPaths = (
			);
			runOnlyForDeploymentPostprocessing = 0;
			shellPath = /bin/sh;
			shellScript = "diff \"${PODS_PODFILE_DIR_PATH}/Podfile.lock\" \"${PODS_ROOT}/Manifest.lock\" > /dev/null\nif [ $? != 0 ] ; then\n    # print error to STDERR\n    echo \"error: The sandbox is not in sync with the Podfile.lock. Run 'pod install' or update your CocoaPods installation.\" >&2\n    exit 1\nfi\n";
			showEnvVarsInLog = 0;
		};
		4483F705F9BF012855A43E1D /* [CP] Copy Pods Resources */ = {
			isa = PBXShellScriptBuildPhase;
			buildActionMask = 2147483647;
			files = (
			);
			inputPaths = (
			);
			name = "[CP] Copy Pods Resources";
			outputPaths = (
			);
			runOnlyForDeploymentPostprocessing = 0;
			shellPath = /bin/sh;
			shellScript = "\"${SRCROOT}/Pods/Target Support Files/Pods-WesterliesUITests/Pods-WesterliesUITests-resources.sh\"\n";
			showEnvVarsInLog = 0;
		};
		6AF4DD82F7DD6F0E4183CE03 /* [CP] Embed Pods Frameworks */ = {
			isa = PBXShellScriptBuildPhase;
			buildActionMask = 2147483647;
			files = (
			);
			inputPaths = (
			);
			name = "[CP] Embed Pods Frameworks";
			outputPaths = (
			);
			runOnlyForDeploymentPostprocessing = 0;
			shellPath = /bin/sh;
			shellScript = "\"${SRCROOT}/Pods/Target Support Files/Pods-WesterliesUITests/Pods-WesterliesUITests-frameworks.sh\"\n";
			showEnvVarsInLog = 0;
		};
		8CEB38979FC68C10EE390526 /* [CP] Embed Pods Frameworks */ = {
			isa = PBXShellScriptBuildPhase;
			buildActionMask = 2147483647;
			files = (
			);
			inputPaths = (
			);
			name = "[CP] Embed Pods Frameworks";
			outputPaths = (
			);
			runOnlyForDeploymentPostprocessing = 0;
			shellPath = /bin/sh;
			shellScript = "\"${SRCROOT}/Pods/Target Support Files/Pods-Westerlies/Pods-Westerlies-frameworks.sh\"\n";
			showEnvVarsInLog = 0;
		};
		A5DB72E988DFE2224543AD4C /* [CP] Copy Pods Resources */ = {
			isa = PBXShellScriptBuildPhase;
			buildActionMask = 2147483647;
			files = (
			);
			inputPaths = (
			);
			name = "[CP] Copy Pods Resources";
			outputPaths = (
			);
			runOnlyForDeploymentPostprocessing = 0;
			shellPath = /bin/sh;
			shellScript = "\"${SRCROOT}/Pods/Target Support Files/Pods-WesterliesTests/Pods-WesterliesTests-resources.sh\"\n";
			showEnvVarsInLog = 0;
		};
		CBDE1BB67709975C844BF9F3 /* [CP] Check Pods Manifest.lock */ = {
			isa = PBXShellScriptBuildPhase;
			buildActionMask = 2147483647;
			files = (
			);
			inputPaths = (
			);
			name = "[CP] Check Pods Manifest.lock";
			outputPaths = (
			);
			runOnlyForDeploymentPostprocessing = 0;
			shellPath = /bin/sh;
			shellScript = "diff \"${PODS_PODFILE_DIR_PATH}/Podfile.lock\" \"${PODS_ROOT}/Manifest.lock\" > /dev/null\nif [ $? != 0 ] ; then\n    # print error to STDERR\n    echo \"error: The sandbox is not in sync with the Podfile.lock. Run 'pod install' or update your CocoaPods installation.\" >&2\n    exit 1\nfi\n";
			showEnvVarsInLog = 0;
		};
		E1CD8A0DB38C5436A741959A /* [CP] Embed Pods Frameworks */ = {
			isa = PBXShellScriptBuildPhase;
			buildActionMask = 2147483647;
			files = (
			);
			inputPaths = (
			);
			name = "[CP] Embed Pods Frameworks";
			outputPaths = (
			);
			runOnlyForDeploymentPostprocessing = 0;
			shellPath = /bin/sh;
			shellScript = "\"${SRCROOT}/Pods/Target Support Files/Pods-WesterliesTests/Pods-WesterliesTests-frameworks.sh\"\n";
			showEnvVarsInLog = 0;
		};
		EF063110FD85ED0F72108A57 /* [CP] Check Pods Manifest.lock */ = {
			isa = PBXShellScriptBuildPhase;
			buildActionMask = 2147483647;
			files = (
			);
			inputPaths = (
			);
			name = "[CP] Check Pods Manifest.lock";
			outputPaths = (
			);
			runOnlyForDeploymentPostprocessing = 0;
			shellPath = /bin/sh;
			shellScript = "diff \"${PODS_PODFILE_DIR_PATH}/Podfile.lock\" \"${PODS_ROOT}/Manifest.lock\" > /dev/null\nif [ $? != 0 ] ; then\n    # print error to STDERR\n    echo \"error: The sandbox is not in sync with the Podfile.lock. Run 'pod install' or update your CocoaPods installation.\" >&2\n    exit 1\nfi\n";
			showEnvVarsInLog = 0;
		};
/* End PBXShellScriptBuildPhase section */

/* Begin PBXSourcesBuildPhase section */
		A36BABDD1F9A49C200265779 /* Sources */ = {
			isa = PBXSourcesBuildPhase;
			buildActionMask = 2147483647;
			files = (
				A36BAC1F1F9A4BFD00265779 /* Batch.swift in Sources */,
				A36BAC1B1F9A4BBD00265779 /* VolumesVC.swift in Sources */,
				A36BAC191F9A4B9600265779 /* CasesNeededVC.swift in Sources */,
				A36BAC171F9A4B7800265779 /* BatchLabelVC.swift in Sources */,
				A36BAC1D1F9A4BE200265779 /* BatchListVC.swift in Sources */,
				A36BABE71F9A49C200265779 /* ViewController.swift in Sources */,
				A36BAC151F9A4B5600265779 /* Singleton.swift in Sources */,
				A36BABE51F9A49C200265779 /* AppDelegate.swift in Sources */,
			);
			runOnlyForDeploymentPostprocessing = 0;
		};
		A36BABF11F9A49C200265779 /* Sources */ = {
			isa = PBXSourcesBuildPhase;
			buildActionMask = 2147483647;
			files = (
				A36BABFA1F9A49C200265779 /* WesterliesTests.swift in Sources */,
			);
			runOnlyForDeploymentPostprocessing = 0;
		};
		A36BABFC1F9A49C200265779 /* Sources */ = {
			isa = PBXSourcesBuildPhase;
			buildActionMask = 2147483647;
			files = (
				A36BAC051F9A49C200265779 /* WesterliesUITests.swift in Sources */,
			);
			runOnlyForDeploymentPostprocessing = 0;
		};
/* End PBXSourcesBuildPhase section */

/* Begin PBXTargetDependency section */
		A36BABF71F9A49C200265779 /* PBXTargetDependency */ = {
			isa = PBXTargetDependency;
			target = A36BABE01F9A49C200265779 /* Westerlies */;
			targetProxy = A36BABF61F9A49C200265779 /* PBXContainerItemProxy */;
		};
		A36BAC021F9A49C200265779 /* PBXTargetDependency */ = {
			isa = PBXTargetDependency;
			target = A36BABE01F9A49C200265779 /* Westerlies */;
			targetProxy = A36BAC011F9A49C200265779 /* PBXContainerItemProxy */;
		};
/* End PBXTargetDependency section */

/* Begin PBXVariantGroup section */
		A36BABE81F9A49C200265779 /* Main.storyboard */ = {
			isa = PBXVariantGroup;
			children = (
				A36BABE91F9A49C200265779 /* Base */,
			);
			name = Main.storyboard;
			sourceTree = "<group>";
		};
		A36BABED1F9A49C200265779 /* LaunchScreen.storyboard */ = {
			isa = PBXVariantGroup;
			children = (
				A36BABEE1F9A49C200265779 /* Base */,
			);
			name = LaunchScreen.storyboard;
			sourceTree = "<group>";
		};
/* End PBXVariantGroup section */

/* Begin XCBuildConfiguration section */
		A36BAC071F9A49C200265779 /* Debug */ = {
			isa = XCBuildConfiguration;
			buildSettings = {
				ALWAYS_SEARCH_USER_PATHS = NO;
				CLANG_ANALYZER_NONNULL = YES;
				CLANG_ANALYZER_NUMBER_OBJECT_CONVERSION = YES_AGGRESSIVE;
				CLANG_CXX_LANGUAGE_STANDARD = "gnu++14";
				CLANG_CXX_LIBRARY = "libc++";
				CLANG_ENABLE_MODULES = YES;
				CLANG_ENABLE_OBJC_ARC = YES;
				CLANG_WARN_BLOCK_CAPTURE_AUTORELEASING = YES;
				CLANG_WARN_BOOL_CONVERSION = YES;
				CLANG_WARN_COMMA = YES;
				CLANG_WARN_CONSTANT_CONVERSION = YES;
				CLANG_WARN_DIRECT_OBJC_ISA_USAGE = YES_ERROR;
				CLANG_WARN_DOCUMENTATION_COMMENTS = YES;
				CLANG_WARN_EMPTY_BODY = YES;
				CLANG_WARN_ENUM_CONVERSION = YES;
				CLANG_WARN_INFINITE_RECURSION = YES;
				CLANG_WARN_INT_CONVERSION = YES;
				CLANG_WARN_NON_LITERAL_NULL_CONVERSION = YES;
				CLANG_WARN_OBJC_LITERAL_CONVERSION = YES;
				CLANG_WARN_OBJC_ROOT_CLASS = YES_ERROR;
				CLANG_WARN_RANGE_LOOP_ANALYSIS = YES;
				CLANG_WARN_STRICT_PROTOTYPES = YES;
				CLANG_WARN_SUSPICIOUS_MOVE = YES;
				CLANG_WARN_UNGUARDED_AVAILABILITY = YES_AGGRESSIVE;
				CLANG_WARN_UNREACHABLE_CODE = YES;
				CLANG_WARN__DUPLICATE_METHOD_MATCH = YES;
				CODE_SIGN_IDENTITY = "iPhone Developer";
				COPY_PHASE_STRIP = NO;
				DEBUG_INFORMATION_FORMAT = dwarf;
				ENABLE_STRICT_OBJC_MSGSEND = YES;
				ENABLE_TESTABILITY = YES;
				GCC_C_LANGUAGE_STANDARD = gnu11;
				GCC_DYNAMIC_NO_PIC = NO;
				GCC_NO_COMMON_BLOCKS = YES;
				GCC_OPTIMIZATION_LEVEL = 0;
				GCC_PREPROCESSOR_DEFINITIONS = (
					"DEBUG=1",
					"$(inherited)",
				);
				GCC_WARN_64_TO_32_BIT_CONVERSION = YES;
				GCC_WARN_ABOUT_RETURN_TYPE = YES_ERROR;
				GCC_WARN_UNDECLARED_SELECTOR = YES;
				GCC_WARN_UNINITIALIZED_AUTOS = YES_AGGRESSIVE;
				GCC_WARN_UNUSED_FUNCTION = YES;
				GCC_WARN_UNUSED_VARIABLE = YES;
				IPHONEOS_DEPLOYMENT_TARGET = 11.0;
				MTL_ENABLE_DEBUG_INFO = YES;
				ONLY_ACTIVE_ARCH = YES;
				SDKROOT = iphoneos;
				SWIFT_ACTIVE_COMPILATION_CONDITIONS = DEBUG;
				SWIFT_OPTIMIZATION_LEVEL = "-Onone";
			};
			name = Debug;
		};
		A36BAC081F9A49C200265779 /* Release */ = {
			isa = XCBuildConfiguration;
			buildSettings = {
				ALWAYS_SEARCH_USER_PATHS = NO;
				CLANG_ANALYZER_NONNULL = YES;
				CLANG_ANALYZER_NUMBER_OBJECT_CONVERSION = YES_AGGRESSIVE;
				CLANG_CXX_LANGUAGE_STANDARD = "gnu++14";
				CLANG_CXX_LIBRARY = "libc++";
				CLANG_ENABLE_MODULES = YES;
				CLANG_ENABLE_OBJC_ARC = YES;
				CLANG_WARN_BLOCK_CAPTURE_AUTORELEASING = YES;
				CLANG_WARN_BOOL_CONVERSION = YES;
				CLANG_WARN_COMMA = YES;
				CLANG_WARN_CONSTANT_CONVERSION = YES;
				CLANG_WARN_DIRECT_OBJC_ISA_USAGE = YES_ERROR;
				CLANG_WARN_DOCUMENTATION_COMMENTS = YES;
				CLANG_WARN_EMPTY_BODY = YES;
				CLANG_WARN_ENUM_CONVERSION = YES;
				CLANG_WARN_INFINITE_RECURSION = YES;
				CLANG_WARN_INT_CONVERSION = YES;
				CLANG_WARN_NON_LITERAL_NULL_CONVERSION = YES;
				CLANG_WARN_OBJC_LITERAL_CONVERSION = YES;
				CLANG_WARN_OBJC_ROOT_CLASS = YES_ERROR;
				CLANG_WARN_RANGE_LOOP_ANALYSIS = YES;
				CLANG_WARN_STRICT_PROTOTYPES = YES;
				CLANG_WARN_SUSPICIOUS_MOVE = YES;
				CLANG_WARN_UNGUARDED_AVAILABILITY = YES_AGGRESSIVE;
				CLANG_WARN_UNREACHABLE_CODE = YES;
				CLANG_WARN__DUPLICATE_METHOD_MATCH = YES;
				CODE_SIGN_IDENTITY = "iPhone Developer";
				COPY_PHASE_STRIP = NO;
				DEBUG_INFORMATION_FORMAT = "dwarf-with-dsym";
				ENABLE_NS_ASSERTIONS = NO;
				ENABLE_STRICT_OBJC_MSGSEND = YES;
				GCC_C_LANGUAGE_STANDARD = gnu11;
				GCC_NO_COMMON_BLOCKS = YES;
				GCC_WARN_64_TO_32_BIT_CONVERSION = YES;
				GCC_WARN_ABOUT_RETURN_TYPE = YES_ERROR;
				GCC_WARN_UNDECLARED_SELECTOR = YES;
				GCC_WARN_UNINITIALIZED_AUTOS = YES_AGGRESSIVE;
				GCC_WARN_UNUSED_FUNCTION = YES;
				GCC_WARN_UNUSED_VARIABLE = YES;
				IPHONEOS_DEPLOYMENT_TARGET = 11.0;
				MTL_ENABLE_DEBUG_INFO = NO;
				SDKROOT = iphoneos;
				SWIFT_OPTIMIZATION_LEVEL = "-Owholemodule";
				VALIDATE_PRODUCT = YES;
			};
			name = Release;
		};
		A36BAC0A1F9A49C200265779 /* Debug */ = {
			isa = XCBuildConfiguration;
			baseConfigurationReference = 69DA6CC5EB3B4E2C87AD737A /* Pods-Westerlies.debug.xcconfig */;
			buildSettings = {
				ASSETCATALOG_COMPILER_APPICON_NAME = AppIcon;
				CODE_SIGN_STYLE = Automatic;
				DEVELOPMENT_TEAM = 86R382BR47;
				INFOPLIST_FILE = Westerlies/Info.plist;
				LD_RUNPATH_SEARCH_PATHS = "$(inherited) @executable_path/Frameworks";
				PRODUCT_BUNDLE_IDENTIFIER = adamdostalik.Westerlies;
				PRODUCT_NAME = "$(TARGET_NAME)";
				SWIFT_VERSION = 4.0;
				TARGETED_DEVICE_FAMILY = "1,2";
			};
			name = Debug;
		};
		A36BAC0B1F9A49C200265779 /* Release */ = {
			isa = XCBuildConfiguration;
			baseConfigurationReference = A810B714E1BECC2ACFC69E6C /* Pods-Westerlies.release.xcconfig */;
			buildSettings = {
				ASSETCATALOG_COMPILER_APPICON_NAME = AppIcon;
				CODE_SIGN_STYLE = Automatic;
				DEVELOPMENT_TEAM = 86R382BR47;
				INFOPLIST_FILE = Westerlies/Info.plist;
				LD_RUNPATH_SEARCH_PATHS = "$(inherited) @executable_path/Frameworks";
				PRODUCT_BUNDLE_IDENTIFIER = adamdostalik.Westerlies;
				PRODUCT_NAME = "$(TARGET_NAME)";
				SWIFT_VERSION = 4.0;
				TARGETED_DEVICE_FAMILY = "1,2";
			};
			name = Release;
		};
		A36BAC0D1F9A49C200265779 /* Debug */ = {
			isa = XCBuildConfiguration;
			baseConfigurationReference = 502CC49BFDFDE3C2CDF4EC05 /* Pods-WesterliesTests.debug.xcconfig */;
			buildSettings = {
				ALWAYS_EMBED_SWIFT_STANDARD_LIBRARIES = YES;
				BUNDLE_LOADER = "$(TEST_HOST)";
				CODE_SIGN_STYLE = Automatic;
				DEVELOPMENT_TEAM = 86R382BR47;
				INFOPLIST_FILE = WesterliesTests/Info.plist;
				LD_RUNPATH_SEARCH_PATHS = "$(inherited) @executable_path/Frameworks @loader_path/Frameworks";
				PRODUCT_BUNDLE_IDENTIFIER = adamdostalik.WesterliesTests;
				PRODUCT_NAME = "$(TARGET_NAME)";
				SWIFT_VERSION = 4.0;
				TARGETED_DEVICE_FAMILY = "1,2";
				TEST_HOST = "$(BUILT_PRODUCTS_DIR)/Westerlies.app/Westerlies";
			};
			name = Debug;
		};
		A36BAC0E1F9A49C200265779 /* Release */ = {
			isa = XCBuildConfiguration;
			baseConfigurationReference = 95BB86E2D4664B7A1BB76134 /* Pods-WesterliesTests.release.xcconfig */;
			buildSettings = {
				ALWAYS_EMBED_SWIFT_STANDARD_LIBRARIES = YES;
				BUNDLE_LOADER = "$(TEST_HOST)";
				CODE_SIGN_STYLE = Automatic;
				DEVELOPMENT_TEAM = 86R382BR47;
				INFOPLIST_FILE = WesterliesTests/Info.plist;
				LD_RUNPATH_SEARCH_PATHS = "$(inherited) @executable_path/Frameworks @loader_path/Frameworks";
				PRODUCT_BUNDLE_IDENTIFIER = adamdostalik.WesterliesTests;
				PRODUCT_NAME = "$(TARGET_NAME)";
				SWIFT_VERSION = 4.0;
				TARGETED_DEVICE_FAMILY = "1,2";
				TEST_HOST = "$(BUILT_PRODUCTS_DIR)/Westerlies.app/Westerlies";
			};
			name = Release;
		};
		A36BAC101F9A49C200265779 /* Debug */ = {
			isa = XCBuildConfiguration;
			baseConfigurationReference = 4ADB596B0FD7290819C25277 /* Pods-WesterliesUITests.debug.xcconfig */;
			buildSettings = {
				ALWAYS_EMBED_SWIFT_STANDARD_LIBRARIES = YES;
				CODE_SIGN_STYLE = Automatic;
				DEVELOPMENT_TEAM = 86R382BR47;
				INFOPLIST_FILE = WesterliesUITests/Info.plist;
				LD_RUNPATH_SEARCH_PATHS = "$(inherited) @executable_path/Frameworks @loader_path/Frameworks";
				PRODUCT_BUNDLE_IDENTIFIER = adamdostalik.WesterliesUITests;
				PRODUCT_NAME = "$(TARGET_NAME)";
				SWIFT_VERSION = 4.0;
				TARGETED_DEVICE_FAMILY = "1,2";
				TEST_TARGET_NAME = Westerlies;
			};
			name = Debug;
		};
		A36BAC111F9A49C200265779 /* Release */ = {
			isa = XCBuildConfiguration;
			baseConfigurationReference = 294DE7EC697FE6BD07C1C7A8 /* Pods-WesterliesUITests.release.xcconfig */;
			buildSettings = {
				ALWAYS_EMBED_SWIFT_STANDARD_LIBRARIES = YES;
				CODE_SIGN_STYLE = Automatic;
				DEVELOPMENT_TEAM = 86R382BR47;
				INFOPLIST_FILE = WesterliesUITests/Info.plist;
				LD_RUNPATH_SEARCH_PATHS = "$(inherited) @executable_path/Frameworks @loader_path/Frameworks";
				PRODUCT_BUNDLE_IDENTIFIER = adamdostalik.WesterliesUITests;
				PRODUCT_NAME = "$(TARGET_NAME)";
				SWIFT_VERSION = 4.0;
				TARGETED_DEVICE_FAMILY = "1,2";
				TEST_TARGET_NAME = Westerlies;
			};
			name = Release;
		};
/* End XCBuildConfiguration section */

/* Begin XCConfigurationList section */
		A36BABDC1F9A49C200265779 /* Build configuration list for PBXProject "Westerlies" */ = {
			isa = XCConfigurationList;
			buildConfigurations = (
				A36BAC071F9A49C200265779 /* Debug */,
				A36BAC081F9A49C200265779 /* Release */,
			);
			defaultConfigurationIsVisible = 0;
			defaultConfigurationName = Release;
		};
		A36BAC091F9A49C200265779 /* Build configuration list for PBXNativeTarget "Westerlies" */ = {
			isa = XCConfigurationList;
			buildConfigurations = (
				A36BAC0A1F9A49C200265779 /* Debug */,
				A36BAC0B1F9A49C200265779 /* Release */,
			);
			defaultConfigurationIsVisible = 0;
			defaultConfigurationName = Release;
		};
		A36BAC0C1F9A49C200265779 /* Build configuration list for PBXNativeTarget "WesterliesTests" */ = {
			isa = XCConfigurationList;
			buildConfigurations = (
				A36BAC0D1F9A49C200265779 /* Debug */,
				A36BAC0E1F9A49C200265779 /* Release */,
			);
			defaultConfigurationIsVisible = 0;
			defaultConfigurationName = Release;
		};
		A36BAC0F1F9A49C200265779 /* Build configuration list for PBXNativeTarget "WesterliesUITests" */ = {
			isa = XCConfigurationList;
			buildConfigurations = (
				A36BAC101F9A49C200265779 /* Debug */,
				A36BAC111F9A49C200265779 /* Release */,
			);
			defaultConfigurationIsVisible = 0;
			defaultConfigurationName = Release;
		};
/* End XCConfigurationList section */
	};
	rootObject = A36BABD91F9A49C200265779 /* Project object */;
}
